
Microsoft Visual Studio Solution File, Format Version 12.00
# Visual Studio 15
VisualStudioVersion = 15.0.27130.2020
MinimumVisualStudioVersion = 10.0.40219.1
Project("{FAE04EC0-301F-11D3-BF4B-00C04F79EFBC}") = "PlainCQRS.Core", "PlainCQRS.Core\PlainCQRS.Core.csproj", "{A51CE8FC-2EAA-4397-895F-D9AE1D26234A}"
EndProject
Global
	GlobalSection(SolutionConfigurationPlatforms) = preSolution
		Debug|Any CPU = Debug|Any CPU
		Release|Any CPU = Release|Any CPU
	EndGlobalSection
	GlobalSection(ProjectConfigurationPlatforms) = postSolution
		{A51CE8FC-2EAA-4397-895F-D9AE1D26234A}.Debug|Any CPU.ActiveCfg = Debug|Any CPU
		{A51CE8FC-2EAA-4397-895F-D9AE1D26234A}.Debug|Any CPU.Build.0 = Debug|Any CPU
		{A51CE8FC-2EAA-4397-895F-D9AE1D26234A}.Release|Any CPU.ActiveCfg = Release|Any CPU
		{A51CE8FC-2EAA-4397-895F-D9AE1D26234A}.Release|Any CPU.Build.0 = Release|Any CPU
	EndGlobalSection
	GlobalSection(SolutionProperties) = preSolution
		HideSolutionNode = FALSE
	EndGlobalSection
	GlobalSection(ExtensibilityGlobals) = postSolution
		SolutionGuid = {C3FD0BF8-E6B3-4282-9325-4B5DF6465E5D}
	EndGlobalSection
EndGlobal
